
Microsoft Visual Studio Solution File, Format Version 12.00
# Visual Studio Version 16
VisualStudioVersion = 16.0.29424.173
MinimumVisualStudioVersion = 10.0.40219.1
Project("{FAE04EC0-301F-11D3-BF4B-00C04F79EFBC}") = "FAST_UI", "FAST_UI\FAST_UI.csproj", "{738CA49E-6F56-4A2A-B544-6E9C10FFB7CA}"
EndProject
Global
	GlobalSection(SolutionConfigurationPlatforms) = preSolution
		Debug|Any CPU = Debug|Any CPU
		Release|Any CPU = Release|Any CPU
	EndGlobalSection
	GlobalSection(ProjectConfigurationPlatforms) = postSolution
		{738CA49E-6F56-4A2A-B544-6E9C10FFB7CA}.Debug|Any CPU.ActiveCfg = Debug|Any CPU
		{738CA49E-6F56-4A2A-B544-6E9C10FFB7CA}.Debug|Any CPU.Build.0 = Debug|Any CPU
		{738CA49E-6F56-4A2A-B544-6E9C10FFB7CA}.Release|Any CPU.ActiveCfg = Release|Any CPU
		{738CA49E-6F56-4A2A-B544-6E9C10FFB7CA}.Release|Any CPU.Build.0 = Release|Any CPU
	EndGlobalSection
	GlobalSection(SolutionProperties) = preSolution
		HideSolutionNode = FALSE
	EndGlobalSection
	GlobalSection(ExtensibilityGlobals) = postSolution
		SolutionGuid = {EBDC7CEE-190D-416C-84FF-F98109E1A0BA}
	EndGlobalSection
EndGlobal
