
Microsoft Visual Studio Solution File, Format Version 12.00
# Visual Studio Version 16
VisualStudioVersion = 16.0.29709.97
MinimumVisualStudioVersion = 10.0.40219.1
Project("{FAE04EC0-301F-11D3-BF4B-00C04F79EFBC}") = "FAST_Converter", "FAST_Converter\FAST_Converter.csproj", "{31D499C5-4F00-4F92-BBCD-674B071A7188}"
EndProject
Global
	GlobalSection(SolutionConfigurationPlatforms) = preSolution
		Debug|Any CPU = Debug|Any CPU
		Release|Any CPU = Release|Any CPU
	EndGlobalSection
	GlobalSection(ProjectConfigurationPlatforms) = postSolution
		{31D499C5-4F00-4F92-BBCD-674B071A7188}.Debug|Any CPU.ActiveCfg = Debug|Any CPU
		{31D499C5-4F00-4F92-BBCD-674B071A7188}.Debug|Any CPU.Build.0 = Debug|Any CPU
		{31D499C5-4F00-4F92-BBCD-674B071A7188}.Release|Any CPU.ActiveCfg = Release|Any CPU
		{31D499C5-4F00-4F92-BBCD-674B071A7188}.Release|Any CPU.Build.0 = Release|Any CPU
	EndGlobalSection
	GlobalSection(SolutionProperties) = preSolution
		HideSolutionNode = FALSE
	EndGlobalSection
	GlobalSection(ExtensibilityGlobals) = postSolution
		SolutionGuid = {5014D2EC-E695-4F02-8E99-2ACFEDEDBB4F}
	EndGlobalSection
EndGlobal
